
Microsoft Visual Studio Solution File, Format Version 10.00
# Visual Studio 2008
Project("{FAE04EC0-301F-11D3-BF4B-00C04F79EFBC}") = "WpfApplicationStudy", "WpfApplication1\WpfApplicationStudy.csproj", "{E8BC256E-B670-4100-8A99-732FB2CDB915}"
EndProject
Global
	GlobalSection(SolutionConfigurationPlatforms) = preSolution
		Debug|Any CPU = Debug|Any CPU
		Release|Any CPU = Release|Any CPU
	EndGlobalSection
	GlobalSection(ProjectConfigurationPlatforms) = postSolution
		{E8BC256E-B670-4100-8A99-732FB2CDB915}.Debug|Any CPU.ActiveCfg = Debug|Any CPU
		{E8BC256E-B670-4100-8A99-732FB2CDB915}.Debug|Any CPU.Build.0 = Debug|Any CPU
		{E8BC256E-B670-4100-8A99-732FB2CDB915}.Release|Any CPU.ActiveCfg = Release|Any CPU
		{E8BC256E-B670-4100-8A99-732FB2CDB915}.Release|Any CPU.Build.0 = Release|Any CPU
	EndGlobalSection
	GlobalSection(SolutionProperties) = preSolution
		HideSolutionNode = FALSE
	EndGlobalSection
EndGlobal
