<?xml version="1.0" encoding="utf-8"?>
<Project ToolsVersion="4.0" xmlns="http://schemas.microsoft.com/developer/msbuild/2003">
  <ItemGroup>
    <Filter Include="Form Files">
      <UniqueIdentifier>{99349809-55BA-4b9d-BF79-8FDBB0286EB3}</UniqueIdentifier>
      <Extensions>ui</Extensions>
      <ParseFiles>false</ParseFiles>
    </Filter>
    <Filter Include="Form Files">
      <UniqueIdentifier>{99349809-55BA-4b9d-BF79-8FDBB0286EB3}</UniqueIdentifier>
      <Extensions>ui</Extensions>
      <ParseFiles>false</ParseFiles>
    </Filter>
    <Filter Include="Generated Files">
      <UniqueIdentifier>{71ED8ED8-ACB9-4CE9-BBE1-E00B30144E11}</UniqueIdentifier>
      <Extensions>cpp;c;cxx;moc;h;def;odl;idl;res;</Extensions>
    </Filter>
    <Filter Include="Generated Files">
      <UniqueIdentifier>{71ED8ED8-ACB9-4CE9-BBE1-E00B30144E11}</UniqueIdentifier>
      <Extensions>cpp;c;cxx;moc;h;def;odl;idl;res;</Extensions>
    </Filter>
    <Filter Include="Header Files">
      <UniqueIdentifier>{93995380-89BD-4b04-88EB-625FBE52EBFB}</UniqueIdentifier>
      <Extensions>h;hpp;hxx;hm;inl;inc;xsd</Extensions>
    </Filter>
    <Filter Include="Header Files">
      <UniqueIdentifier>{93995380-89BD-4b04-88EB-625FBE52EBFB}</UniqueIdentifier>
      <Extensions>h;hpp;hxx;hm;inl;inc;xsd</Extensions>
    </Filter>
    <Filter Include="Source Files">
      <UniqueIdentifier>{4FC737F1-C7A5-4376-A066-2A32D752A2FF}</UniqueIdentifier>
      <Extensions>cpp;c;cxx;def;odl;idl;hpj;bat;asm;asmx</Extensions>
    </Filter>
    <Filter Include="Source Files">
      <UniqueIdentifier>{4FC737F1-C7A5-4376-A066-2A32D752A2FF}</UniqueIdentifier>
      <Extensions>cpp;c;cxx;def;odl;idl;hpj;bat;asm;asmx</Extensions>
    </Filter>
    <Filter Include="Generated Files\Debug">
      <UniqueIdentifier>{4344cd4b-3c88-4708-a4d6-76461c4b4c9f}</UniqueIdentifier>
      <Extensions>cpp;moc</Extensions>
      <SourceControlFiles>False</SourceControlFiles>
    </Filter>
    <Filter Include="Generated Files\Release">
      <UniqueIdentifier>{35de483c-499e-4460-a017-14c54f6fd867}</UniqueIdentifier>
      <Extensions>cpp;moc</Extensions>
      <SourceControlFiles>False</SourceControlFiles>
    </Filter>
    <Filter Include="project_train_100">
      <UniqueIdentifier>{cdb88a0a-b554-4029-8c43-ae6a8cd25a42}</UniqueIdentifier>
    </Filter>
    <Filter Include="ICTCLAS50">
      <UniqueIdentifier>{99735286-7734-49e3-8f02-3dc387610d26}</UniqueIdentifier>
    </Filter>
  </ItemGroup>
  <ItemGroup>
    <ClCompile Include="main.cpp">
      <Filter>Source Files</Filter>
    </ClCompile>
    <ClCompile Include="mainwindow.cpp">
      <Filter>Source Files</Filter>
    </ClCompile>
    <ClCompile Include="GeneratedFiles\Debug\moc_mainwindow.cpp">
      <Filter>Generated Files\Debug</Filter>
    </ClCompile>
    <ClCompile Include="GeneratedFiles\Release\moc_mainwindow.cpp">
      <Filter>Generated Files\Release</Filter>
    </ClCompile>
  </ItemGroup>
  <ItemGroup>
    <CustomBuild Include="mainwindow.h">
      <Filter>Header Files</Filter>
    </CustomBuild>
  </ItemGroup>
  <ItemGroup>
    <CustomBuild Include="mainwindow.ui">
      <Filter>Form Files</Filter>
    </CustomBuild>
  </ItemGroup>
  <ItemGroup>
    <ClInclude Include="GeneratedFiles\ui_mainwindow.h">
      <Filter>Generated Files</Filter>
    </ClInclude>
    <ClInclude Include="libs_win32\ICTCLAS50.h">
      <Filter>ICTCLAS50</Filter>
    </ClInclude>
  </ItemGroup>
  <ItemGroup>
    <None Include="project_train_100\1.txt">
      <Filter>project_train_100</Filter>
    </None>
    <None Include="project_train_100\2.txt">
      <Filter>project_train_100</Filter>
    </None>
    <None Include="project_train_100\3.txt">
      <Filter>project_train_100</Filter>
    </None>
    <None Include="project_train_100\4.txt">
      <Filter>project_train_100</Filter>
    </None>
    <None Include="project_train_100\5.txt">
      <Filter>project_train_100</Filter>
    </None>
    <None Include="project_train_100\6.txt">
      <Filter>project_train_100</Filter>
    </None>
    <None Include="project_train_100\7.txt">
      <Filter>project_train_100</Filter>
    </None>
    <None Include="project_train_100\8.txt">
      <Filter>project_train_100</Filter>
    </None>
    <None Include="project_train_100\9.txt">
      <Filter>project_train_100</Filter>
    </None>
    <None Include="project_train_100\10.txt">
      <Filter>project_train_100</Filter>
    </None>
    <None Include="project_train_100\11.txt">
      <Filter>project_train_100</Filter>
    </None>
    <None Include="project_train_100\12.txt">
      <Filter>project_train_100</Filter>
    </None>
    <None Include="project_train_100\13.txt">
      <Filter>project_train_100</Filter>
    </None>
    <None Include="project_train_100\14.txt">
      <Filter>project_train_100</Filter>
    </None>
    <None Include="project_train_100\15.txt">
      <Filter>project_train_100</Filter>
    </None>
    <None Include="project_train_100\16.txt">
      <Filter>project_train_100</Filter>
    </None>
    <None Include="project_train_100\17.txt">
      <Filter>project_train_100</Filter>
    </None>
    <None Include="project_train_100\18.txt">
      <Filter>project_train_100</Filter>
    </None>
    <None Include="project_train_100\19.txt">
      <Filter>project_train_100</Filter>
    </None>
    <None Include="project_train_100\20.txt">
      <Filter>project_train_100</Filter>
    </None>
    <None Include="project_train_100\21.txt">
      <Filter>project_train_100</Filter>
    </None>
    <None Include="project_train_100\22.txt">
      <Filter>project_train_100</Filter>
    </None>
    <None Include="project_train_100\23.txt">
      <Filter>project_train_100</Filter>
    </None>
    <None Include="project_train_100\24.txt">
      <Filter>project_train_100</Filter>
    </None>
    <None Include="project_train_100\25.txt">
      <Filter>project_train_100</Filter>
    </None>
    <None Include="project_train_100\26.txt">
      <Filter>project_train_100</Filter>
    </None>
    <None Include="project_train_100\27.txt">
      <Filter>project_train_100</Filter>
    </None>
    <None Include="project_train_100\28.txt">
      <Filter>project_train_100</Filter>
    </None>
    <None Include="project_train_100\29.txt">
      <Filter>project_train_100</Filter>
    </None>
    <None Include="project_train_100\30.txt">
      <Filter>project_train_100</Filter>
    </None>
    <None Include="project_train_100\31.txt">
      <Filter>project_train_100</Filter>
    </None>
    <None Include="project_train_100\32.txt">
      <Filter>project_train_100</Filter>
    </None>
    <None Include="project_train_100\33.txt">
      <Filter>project_train_100</Filter>
    </None>
    <None Include="project_train_100\34.txt">
      <Filter>project_train_100</Filter>
    </None>
    <None Include="project_train_100\35.txt">
      <Filter>project_train_100</Filter>
    </None>
    <None Include="project_train_100\36.txt">
      <Filter>project_train_100</Filter>
    </None>
    <None Include="project_train_100\37.txt">
      <Filter>project_train_100</Filter>
    </None>
    <None Include="project_train_100\38.txt">
      <Filter>project_train_100</Filter>
    </None>
    <None Include="project_train_100\39.txt">
      <Filter>project_train_100</Filter>
    </None>
    <None Include="project_train_100\40.txt">
      <Filter>project_train_100</Filter>
    </None>
    <None Include="project_train_100\41.txt">
      <Filter>project_train_100</Filter>
    </None>
    <None Include="project_train_100\42.txt">
      <Filter>project_train_100</Filter>
    </None>
    <None Include="project_train_100\43.txt">
      <Filter>project_train_100</Filter>
    </None>
    <None Include="project_train_100\44.txt">
      <Filter>project_train_100</Filter>
    </None>
    <None Include="project_train_100\45.txt">
      <Filter>project_train_100</Filter>
    </None>
    <None Include="project_train_100\46.txt">
      <Filter>project_train_100</Filter>
    </None>
    <None Include="project_train_100\47.txt">
      <Filter>project_train_100</Filter>
    </None>
    <None Include="project_train_100\48.txt">
      <Filter>project_train_100</Filter>
    </None>
    <None Include="project_train_100\49.txt">
      <Filter>project_train_100</Filter>
    </None>
    <None Include="project_train_100\50.txt">
      <Filter>project_train_100</Filter>
    </None>
    <None Include="project_train_100\51.txt">
      <Filter>project_train_100</Filter>
    </None>
    <None Include="project_train_100\52.txt">
      <Filter>project_train_100</Filter>
    </None>
    <None Include="project_train_100\53.txt">
      <Filter>project_train_100</Filter>
    </None>
    <None Include="project_train_100\54.txt">
      <Filter>project_train_100</Filter>
    </None>
    <None Include="project_train_100\55.txt">
      <Filter>project_train_100</Filter>
    </None>
    <None Include="project_train_100\56.txt">
      <Filter>project_train_100</Filter>
    </None>
    <None Include="project_train_100\57.txt">
      <Filter>project_train_100</Filter>
    </None>
    <None Include="project_train_100\58.txt">
      <Filter>project_train_100</Filter>
    </None>
    <None Include="project_train_100\59.txt">
      <Filter>project_train_100</Filter>
    </None>
    <None Include="project_train_100\60.txt">
      <Filter>project_train_100</Filter>
    </None>
    <None Include="project_train_100\61.txt">
      <Filter>project_train_100</Filter>
    </None>
    <None Include="project_train_100\62.txt">
      <Filter>project_train_100</Filter>
    </None>
    <None Include="project_train_100\63.txt">
      <Filter>project_train_100</Filter>
    </None>
    <None Include="project_train_100\64.txt">
      <Filter>project_train_100</Filter>
    </None>
    <None Include="project_train_100\65.txt">
      <Filter>project_train_100</Filter>
    </None>
    <None Include="project_train_100\66.txt">
      <Filter>project_train_100</Filter>
    </None>
    <None Include="project_train_100\67.txt">
      <Filter>project_train_100</Filter>
    </None>
    <None Include="project_train_100\68.txt">
      <Filter>project_train_100</Filter>
    </None>
    <None Include="project_train_100\69.txt">
      <Filter>project_train_100</Filter>
    </None>
    <None Include="project_train_100\70.txt">
      <Filter>project_train_100</Filter>
    </None>
    <None Include="project_train_100\71.txt">
      <Filter>project_train_100</Filter>
    </None>
    <None Include="project_train_100\72.txt">
      <Filter>project_train_100</Filter>
    </None>
    <None Include="project_train_100\73.txt">
      <Filter>project_train_100</Filter>
    </None>
    <None Include="project_train_100\74.txt">
      <Filter>project_train_100</Filter>
    </None>
    <None Include="project_train_100\75.txt">
      <Filter>project_train_100</Filter>
    </None>
    <None Include="project_train_100\76.txt">
      <Filter>project_train_100</Filter>
    </None>
    <None Include="project_train_100\77.txt">
      <Filter>project_train_100</Filter>
    </None>
    <None Include="project_train_100\78.txt">
      <Filter>project_train_100</Filter>
    </None>
    <None Include="project_train_100\79.txt">
      <Filter>project_train_100</Filter>
    </None>
    <None Include="project_train_100\80.txt">
      <Filter>project_train_100</Filter>
    </None>
    <None Include="project_train_100\81.txt">
      <Filter>project_train_100</Filter>
    </None>
    <None Include="project_train_100\82.txt">
      <Filter>project_train_100</Filter>
    </None>
    <None Include="project_train_100\83.txt">
      <Filter>project_train_100</Filter>
    </None>
    <None Include="project_train_100\84.txt">
      <Filter>project_train_100</Filter>
    </None>
    <None Include="project_train_100\85.txt">
      <Filter>project_train_100</Filter>
    </None>
    <None Include="project_train_100\86.txt">
      <Filter>project_train_100</Filter>
    </None>
    <None Include="project_train_100\87.txt">
      <Filter>project_train_100</Filter>
    </None>
    <None Include="project_train_100\88.txt">
      <Filter>project_train_100</Filter>
    </None>
    <None Include="project_train_100\89.txt">
      <Filter>project_train_100</Filter>
    </None>
    <None Include="project_train_100\90.txt">
      <Filter>project_train_100</Filter>
    </None>
    <None Include="project_train_100\91.txt">
      <Filter>project_train_100</Filter>
    </None>
    <None Include="project_train_100\92.txt">
      <Filter>project_train_100</Filter>
    </None>
    <None Include="project_train_100\93.txt">
      <Filter>project_train_100</Filter>
    </None>
    <None Include="project_train_100\94.txt">
      <Filter>project_train_100</Filter>
    </None>
    <None Include="project_train_100\95.txt">
      <Filter>project_train_100</Filter>
    </None>
    <None Include="project_train_100\96.txt">
      <Filter>project_train_100</Filter>
    </None>
    <None Include="project_train_100\97.txt">
      <Filter>project_train_100</Filter>
    </None>
    <None Include="project_train_100\98.txt">
      <Filter>project_train_100</Filter>
    </None>
    <None Include="project_train_100\99.txt">
      <Filter>project_train_100</Filter>
    </None>
    <None Include="project_train_100\100.txt">
      <Filter>project_train_100</Filter>
    </None>
    <None Include="Configure.xml">
      <Filter>ICTCLAS50</Filter>
    </None>
    <None Include="ICTCLAS50.dll">
      <Filter>ICTCLAS50</Filter>
    </None>
    <None Include="user.lic">
      <Filter>ICTCLAS50</Filter>
    </None>
  </ItemGroup>
  <ItemGroup>
    <Library Include="libs_win32\ICTCLAS50.lib">
      <Filter>ICTCLAS50</Filter>
    </Library>
  </ItemGroup>
</Project>