
Microsoft Visual Studio Solution File, Format Version 10.00
# Visual Studio 2008
Project("{8BC9CEB8-8B4A-11D0-8D11-00A0C91BC942}") = "VirtualTreeControl", "VirtualTreeControl\VirtualTreeControl.vcproj", "{2EC6F4AE-0861-4FD0-B4D3-79F6FD7313E0}"
EndProject
Global
	GlobalSection(SubversionScc) = preSolution
		Svn-Managed = True
		Manager = AnkhSVN - Subversion Support for Visual Studio
	EndGlobalSection
	GlobalSection(SolutionConfigurationPlatforms) = preSolution
		Debug|Win32 = Debug|Win32
		Release|Win32 = Release|Win32
	EndGlobalSection
	GlobalSection(ProjectConfigurationPlatforms) = postSolution
		{2EC6F4AE-0861-4FD0-B4D3-79F6FD7313E0}.Debug|Win32.ActiveCfg = Debug|Win32
		{2EC6F4AE-0861-4FD0-B4D3-79F6FD7313E0}.Debug|Win32.Build.0 = Debug|Win32
		{2EC6F4AE-0861-4FD0-B4D3-79F6FD7313E0}.Release|Win32.ActiveCfg = Release|Win32
		{2EC6F4AE-0861-4FD0-B4D3-79F6FD7313E0}.Release|Win32.Build.0 = Release|Win32
	EndGlobalSection
	GlobalSection(SolutionProperties) = preSolution
		HideSolutionNode = FALSE
	EndGlobalSection
EndGlobal
