<?xml version="1.0" encoding="utf-8"?>
<Project ToolsVersion="4.0" xmlns="http://schemas.microsoft.com/developer/msbuild/2003">
  <ItemGroup>
    <Filter Include="源文件">
      <UniqueIdentifier>{4FC737F1-C7A5-4376-A066-2A32D752A2FF}</UniqueIdentifier>
      <Extensions>cpp;c;cc;cxx;def;odl;idl;hpj;bat;asm;asmx</Extensions>
    </Filter>
    <Filter Include="头文件">
      <UniqueIdentifier>{93995380-89BD-4b04-88EB-625FBE52EBFB}</UniqueIdentifier>
      <Extensions>h;hpp;hxx;hm;inl;inc;xsd</Extensions>
    </Filter>
    <Filter Include="资源文件">
      <UniqueIdentifier>{67DA6AB6-F800-4c08-8B7A-83BB121AAD01}</UniqueIdentifier>
      <Extensions>rc;ico;cur;bmp;dlg;rc2;rct;bin;rgs;gif;jpg;jpeg;jpe;resx;tiff;tif;png;wav;mfcribbon-ms</Extensions>
    </Filter>
    <Filter Include="UI">
      <UniqueIdentifier>{cc375d94-c1f8-4876-acc6-2c161c6bb2f7}</UniqueIdentifier>
    </Filter>
    <Filter Include="Control">
      <UniqueIdentifier>{40005363-e596-413f-9595-988c8fa5bbb7}</UniqueIdentifier>
    </Filter>
  </ItemGroup>
  <ItemGroup>
    <None Include="ReadMe.txt" />
    <None Include="res\file_view.ico">
      <Filter>资源文件</Filter>
    </None>
    <None Include="res\file_view_hc.ico">
      <Filter>资源文件</Filter>
    </None>
    <None Include="res\class_view.ico">
      <Filter>资源文件</Filter>
    </None>
    <None Include="res\class_view_hc.ico">
      <Filter>资源文件</Filter>
    </None>
    <None Include="res\fileview.bmp">
      <Filter>资源文件</Filter>
    </None>
    <None Include="res\fileview_hc.bmp">
      <Filter>资源文件</Filter>
    </None>
    <None Include="res\classview.bmp">
      <Filter>资源文件</Filter>
    </None>
    <None Include="res\classview_hc.bmp">
      <Filter>资源文件</Filter>
    </None>
    <None Include="res\explorer.bmp">
      <Filter>资源文件</Filter>
    </None>
    <None Include="res\explorer_hc.bmp">
      <Filter>资源文件</Filter>
    </None>
    <None Include="res\sort.bmp">
      <Filter>资源文件</Filter>
    </None>
    <None Include="res\sort_hc.bmp">
      <Filter>资源文件</Filter>
    </None>
    <None Include="res\menuimages.bmp">
      <Filter>资源文件</Filter>
    </None>
    <None Include="res\menuimages_hc.bmp">
      <Filter>资源文件</Filter>
    </None>
    <None Include="res\output_wnd.ico">
      <Filter>资源文件</Filter>
    </None>
    <None Include="res\output_wnd_hc.ico">
      <Filter>资源文件</Filter>
    </None>
    <None Include="res\properties_wnd.ico">
      <Filter>资源文件</Filter>
    </None>
    <None Include="res\properties_wnd_hc.ico">
      <Filter>资源文件</Filter>
    </None>
    <None Include="res\properties.bmp">
      <Filter>资源文件</Filter>
    </None>
    <None Include="res\properties_hc.bmp">
      <Filter>资源文件</Filter>
    </None>
    <None Include="UserImages.bmp">
      <Filter>资源文件</Filter>
    </None>
    <None Include="res\SZPE.rc2">
      <Filter>资源文件</Filter>
    </None>
    <None Include="res\SZPEDoc.ico">
      <Filter>资源文件</Filter>
    </None>
    <None Include="res\SZPE.ico">
      <Filter>资源文件</Filter>
    </None>
    <None Include="res\Toolbar.bmp">
      <Filter>资源文件</Filter>
    </None>
    <None Include="res\Toolbar256.bmp">
      <Filter>资源文件</Filter>
    </None>
  </ItemGroup>
  <ItemGroup>
    <ClInclude Include="SZPE.h">
      <Filter>头文件</Filter>
    </ClInclude>
    <ClInclude Include="stdafx.h">
      <Filter>头文件</Filter>
    </ClInclude>
    <ClInclude Include="targetver.h">
      <Filter>头文件</Filter>
    </ClInclude>
    <ClInclude Include="SZPEDoc.h">
      <Filter>头文件</Filter>
    </ClInclude>
    <ClInclude Include="SZPEView.h">
      <Filter>头文件</Filter>
    </ClInclude>
    <ClInclude Include="Resource.h">
      <Filter>头文件</Filter>
    </ClInclude>
    <ClInclude Include="ProcessManage.h">
      <Filter>头文件</Filter>
    </ClInclude>
    <ClInclude Include="Process.h">
      <Filter>头文件</Filter>
    </ClInclude>
    <ClInclude Include="portabledef.h">
      <Filter>头文件</Filter>
    </ClInclude>
    <ClInclude Include="Common.h">
      <Filter>头文件</Filter>
    </ClInclude>
    <ClInclude Include="ClassView.h">
      <Filter>UI</Filter>
    </ClInclude>
    <ClInclude Include="FileView.h">
      <Filter>UI</Filter>
    </ClInclude>
    <ClInclude Include="listeditctrl.h">
      <Filter>Control</Filter>
    </ClInclude>
    <ClInclude Include="OutputWnd.h">
      <Filter>UI</Filter>
    </ClInclude>
    <ClInclude Include="MainFrm.h">
      <Filter>UI</Filter>
    </ClInclude>
    <ClInclude Include="ProcessTreeList.h">
      <Filter>UI</Filter>
    </ClInclude>
    <ClInclude Include="ProcessView.h">
      <Filter>UI</Filter>
    </ClInclude>
    <ClInclude Include="PropertiesWnd.h">
      <Filter>UI</Filter>
    </ClInclude>
    <ClInclude Include="supergridctrl.h">
      <Filter>Control</Filter>
    </ClInclude>
    <ClInclude Include="ViewTree.h">
      <Filter>Control</Filter>
    </ClInclude>
    <ClInclude Include="ScopeLock.h">
      <Filter>头文件</Filter>
    </ClInclude>
    <ClInclude Include="IMutex.h">
      <Filter>头文件</Filter>
    </ClInclude>
    <ClInclude Include="INoCopy.h">
      <Filter>头文件</Filter>
    </ClInclude>
  </ItemGroup>
  <ItemGroup>
    <ClCompile Include="SZPE.cpp">
      <Filter>源文件</Filter>
    </ClCompile>
    <ClCompile Include="stdafx.cpp">
      <Filter>源文件</Filter>
    </ClCompile>
    <ClCompile Include="MainFrm.cpp">
      <Filter>源文件</Filter>
    </ClCompile>
    <ClCompile Include="SZPEDoc.cpp">
      <Filter>源文件</Filter>
    </ClCompile>
    <ClCompile Include="SZPEView.cpp">
      <Filter>源文件</Filter>
    </ClCompile>
    <ClCompile Include="ProcessManage.cpp">
      <Filter>源文件</Filter>
    </ClCompile>
    <ClCompile Include="Process.cpp">
      <Filter>源文件</Filter>
    </ClCompile>
    <ClCompile Include="Common.cpp">
      <Filter>源文件</Filter>
    </ClCompile>
    <ClCompile Include="ClassView.cpp">
      <Filter>UI</Filter>
    </ClCompile>
    <ClCompile Include="FileView.cpp">
      <Filter>UI</Filter>
    </ClCompile>
    <ClCompile Include="OutputWnd.cpp">
      <Filter>UI</Filter>
    </ClCompile>
    <ClCompile Include="ProcessView.cpp">
      <Filter>UI</Filter>
    </ClCompile>
    <ClCompile Include="PropertiesWnd.cpp">
      <Filter>UI</Filter>
    </ClCompile>
    <ClCompile Include="ViewTree.cpp">
      <Filter>Control</Filter>
    </ClCompile>
    <ClCompile Include="supergridctrl.cpp">
      <Filter>Control</Filter>
    </ClCompile>
    <ClCompile Include="ProcessTreeList.cpp">
      <Filter>Control</Filter>
    </ClCompile>
    <ClCompile Include="listeditctrl.cpp">
      <Filter>Control</Filter>
    </ClCompile>
    <ClCompile Include="ScopeLock.cpp">
      <Filter>源文件</Filter>
    </ClCompile>
  </ItemGroup>
  <ItemGroup>
    <ResourceCompile Include="SZPE.rc">
      <Filter>资源文件</Filter>
    </ResourceCompile>
  </ItemGroup>
</Project>