
Microsoft Visual Studio Solution File, Format Version 9.00
# Visual Studio 2005
Project("{8BC9CEB8-8B4A-11D0-8D11-00A0C91BC942}") = "Jugs", "Jugs\Jugs.vcproj", "{EC5C1087-5C6B-4658-8DBA-0F6E711F4344}"
EndProject
Global
	GlobalSection(SolutionConfigurationPlatforms) = preSolution
		Debug|Win32 = Debug|Win32
		Release|Win32 = Release|Win32
	EndGlobalSection
	GlobalSection(ProjectConfigurationPlatforms) = postSolution
		{EC5C1087-5C6B-4658-8DBA-0F6E711F4344}.Debug|Win32.ActiveCfg = Debug|Win32
		{EC5C1087-5C6B-4658-8DBA-0F6E711F4344}.Debug|Win32.Build.0 = Debug|Win32
		{EC5C1087-5C6B-4658-8DBA-0F6E711F4344}.Release|Win32.ActiveCfg = Release|Win32
		{EC5C1087-5C6B-4658-8DBA-0F6E711F4344}.Release|Win32.Build.0 = Release|Win32
	EndGlobalSection
	GlobalSection(SolutionProperties) = preSolution
		HideSolutionNode = FALSE
	EndGlobalSection
EndGlobal
