
Microsoft Visual Studio Solution File, Format Version 10.00
# Visual Studio 2008
Project("{8BC9CEB8-8B4A-11D0-8D11-00A0C91BC942}") = "SortingAThreeValuedSequence", "SortingAThreeValuedSequence\SortingAThreeValuedSequence.vcproj", "{5CE5F88A-8384-4B3C-95DF-B40E8A1A2FAF}"
EndProject
Project("{8BC9CEB8-8B4A-11D0-8D11-00A0C91BC942}") = "HealthyHolstens", "HealthyHolstens\HealthyHolstens.vcproj", "{0A0902D4-683E-4B93-8DC3-1425C814593D}"
EndProject
Project("{8BC9CEB8-8B4A-11D0-8D11-00A0C91BC942}") = "HammingCodes", "HammingCodes\HammingCodes.vcproj", "{1EEC0654-C4BE-4FFA-A5B7-F1C11461459F}"
EndProject
Project("{8BC9CEB8-8B4A-11D0-8D11-00A0C91BC942}") = "PrefaceNumbering", "PrefaceNumbering\PrefaceNumbering.vcproj", "{880A5A7D-275E-41E1-AC7B-8D2630E443C5}"
EndProject
Project("{8BC9CEB8-8B4A-11D0-8D11-00A0C91BC942}") = "SubsetSums", "SubsetSums\SubsetSums.vcproj", "{B61716CF-C521-433B-9A39-B8F6C2CDA41C}"
EndProject
Project("{2150E333-8FDC-42A3-9474-1A3956D46DE8}") = "Solution Items", "Solution Items", "{0DBFC577-4752-4844-9DFE-83442AB670FE}"
	ProjectSection(SolutionItems) = preProject
		readme.txt = readme.txt
	EndProjectSection
EndProject
Project("{8BC9CEB8-8B4A-11D0-8D11-00A0C91BC942}") = "RunAroundNumbers", "RunAroundNumbers\RunAroundNumbers.vcproj", "{CB6CB1F8-B209-467E-87CF-A50FFBD0017A}"
EndProject
Project("{8BC9CEB8-8B4A-11D0-8D11-00A0C91BC942}") = "PartyLamps", "PartyLamps\PartyLamps.vcproj", "{A37DBB76-7FFD-4FB5-9206-58FF9F837425}"
EndProject
Global
	GlobalSection(SolutionConfigurationPlatforms) = preSolution
		Debug|Win32 = Debug|Win32
		Release|Win32 = Release|Win32
	EndGlobalSection
	GlobalSection(ProjectConfigurationPlatforms) = postSolution
		{5CE5F88A-8384-4B3C-95DF-B40E8A1A2FAF}.Debug|Win32.ActiveCfg = Debug|Win32
		{5CE5F88A-8384-4B3C-95DF-B40E8A1A2FAF}.Debug|Win32.Build.0 = Debug|Win32
		{5CE5F88A-8384-4B3C-95DF-B40E8A1A2FAF}.Release|Win32.ActiveCfg = Release|Win32
		{5CE5F88A-8384-4B3C-95DF-B40E8A1A2FAF}.Release|Win32.Build.0 = Release|Win32
		{0A0902D4-683E-4B93-8DC3-1425C814593D}.Debug|Win32.ActiveCfg = Debug|Win32
		{0A0902D4-683E-4B93-8DC3-1425C814593D}.Debug|Win32.Build.0 = Debug|Win32
		{0A0902D4-683E-4B93-8DC3-1425C814593D}.Release|Win32.ActiveCfg = Release|Win32
		{0A0902D4-683E-4B93-8DC3-1425C814593D}.Release|Win32.Build.0 = Release|Win32
		{1EEC0654-C4BE-4FFA-A5B7-F1C11461459F}.Debug|Win32.ActiveCfg = Debug|Win32
		{1EEC0654-C4BE-4FFA-A5B7-F1C11461459F}.Debug|Win32.Build.0 = Debug|Win32
		{1EEC0654-C4BE-4FFA-A5B7-F1C11461459F}.Release|Win32.ActiveCfg = Release|Win32
		{1EEC0654-C4BE-4FFA-A5B7-F1C11461459F}.Release|Win32.Build.0 = Release|Win32
		{880A5A7D-275E-41E1-AC7B-8D2630E443C5}.Debug|Win32.ActiveCfg = Debug|Win32
		{880A5A7D-275E-41E1-AC7B-8D2630E443C5}.Debug|Win32.Build.0 = Debug|Win32
		{880A5A7D-275E-41E1-AC7B-8D2630E443C5}.Release|Win32.ActiveCfg = Release|Win32
		{880A5A7D-275E-41E1-AC7B-8D2630E443C5}.Release|Win32.Build.0 = Release|Win32
		{B61716CF-C521-433B-9A39-B8F6C2CDA41C}.Debug|Win32.ActiveCfg = Debug|Win32
		{B61716CF-C521-433B-9A39-B8F6C2CDA41C}.Debug|Win32.Build.0 = Debug|Win32
		{B61716CF-C521-433B-9A39-B8F6C2CDA41C}.Release|Win32.ActiveCfg = Release|Win32
		{B61716CF-C521-433B-9A39-B8F6C2CDA41C}.Release|Win32.Build.0 = Release|Win32
		{CB6CB1F8-B209-467E-87CF-A50FFBD0017A}.Debug|Win32.ActiveCfg = Debug|Win32
		{CB6CB1F8-B209-467E-87CF-A50FFBD0017A}.Debug|Win32.Build.0 = Debug|Win32
		{CB6CB1F8-B209-467E-87CF-A50FFBD0017A}.Release|Win32.ActiveCfg = Release|Win32
		{CB6CB1F8-B209-467E-87CF-A50FFBD0017A}.Release|Win32.Build.0 = Release|Win32
		{A37DBB76-7FFD-4FB5-9206-58FF9F837425}.Debug|Win32.ActiveCfg = Debug|Win32
		{A37DBB76-7FFD-4FB5-9206-58FF9F837425}.Debug|Win32.Build.0 = Debug|Win32
		{A37DBB76-7FFD-4FB5-9206-58FF9F837425}.Release|Win32.ActiveCfg = Release|Win32
		{A37DBB76-7FFD-4FB5-9206-58FF9F837425}.Release|Win32.Build.0 = Release|Win32
	EndGlobalSection
	GlobalSection(SolutionProperties) = preSolution
		HideSolutionNode = FALSE
	EndGlobalSection
EndGlobal
