
Microsoft Visual Studio Solution File, Format Version 9.00
# Visual Studio 2005
Project("{8BC9CEB8-8B4A-11D0-8D11-00A0C91BC942}") = "AnagramByStack", "AnagramByStack\AnagramByStack.vcproj", "{B3BAA04D-1763-430E-B503-91D5A3431687}"
EndProject
Global
	GlobalSection(SolutionConfigurationPlatforms) = preSolution
		Debug|Win32 = Debug|Win32
		Release|Win32 = Release|Win32
	EndGlobalSection
	GlobalSection(ProjectConfigurationPlatforms) = postSolution
		{B3BAA04D-1763-430E-B503-91D5A3431687}.Debug|Win32.ActiveCfg = Debug|Win32
		{B3BAA04D-1763-430E-B503-91D5A3431687}.Debug|Win32.Build.0 = Debug|Win32
		{B3BAA04D-1763-430E-B503-91D5A3431687}.Release|Win32.ActiveCfg = Release|Win32
		{B3BAA04D-1763-430E-B503-91D5A3431687}.Release|Win32.Build.0 = Release|Win32
	EndGlobalSection
	GlobalSection(SolutionProperties) = preSolution
		HideSolutionNode = FALSE
	EndGlobalSection
EndGlobal
