
Microsoft Visual Studio Solution File, Format Version 9.00
# Visual Studio 2005
Project("{8BC9CEB8-8B4A-11D0-8D11-00A0C91BC942}") = "HeapSort", "HeapSort\HeapSort.vcproj", "{1381948E-76CD-4843-BB82-6C477A9342E9}"
EndProject
Global
	GlobalSection(SolutionConfigurationPlatforms) = preSolution
		Debug|Win32 = Debug|Win32
		Release|Win32 = Release|Win32
	EndGlobalSection
	GlobalSection(ProjectConfigurationPlatforms) = postSolution
		{1381948E-76CD-4843-BB82-6C477A9342E9}.Debug|Win32.ActiveCfg = Debug|Win32
		{1381948E-76CD-4843-BB82-6C477A9342E9}.Debug|Win32.Build.0 = Debug|Win32
		{1381948E-76CD-4843-BB82-6C477A9342E9}.Release|Win32.ActiveCfg = Release|Win32
		{1381948E-76CD-4843-BB82-6C477A9342E9}.Release|Win32.Build.0 = Release|Win32
	EndGlobalSection
	GlobalSection(SolutionProperties) = preSolution
		HideSolutionNode = FALSE
	EndGlobalSection
EndGlobal
