<?xml version="1.0" encoding="utf-8"?>
<Project ToolsVersion="4.0" xmlns="http://schemas.microsoft.com/developer/msbuild/2003">
  <ItemGroup>
    <Filter Include="源文件">
      <UniqueIdentifier>{4FC737F1-C7A5-4376-A066-2A32D752A2FF}</UniqueIdentifier>
      <Extensions>cpp;c;cc;cxx;def;odl;idl;hpj;bat;asm;asmx</Extensions>
    </Filter>
    <Filter Include="头文件">
      <UniqueIdentifier>{93995380-89BD-4b04-88EB-625FBE52EBFB}</UniqueIdentifier>
      <Extensions>h;hpp;hxx;hm;inl;inc;xsd</Extensions>
    </Filter>
    <Filter Include="资源文件">
      <UniqueIdentifier>{67DA6AB6-F800-4c08-8B7A-83BB121AAD01}</UniqueIdentifier>
      <Extensions>rc;ico;cur;bmp;dlg;rc2;rct;bin;rgs;gif;jpg;jpeg;jpe;resx;tiff;tif;png;wav;mfcribbon-ms</Extensions>
    </Filter>
    <Filter Include="DIP">
      <UniqueIdentifier>{97e82e07-3bcf-45f2-91b8-5343084eeb95}</UniqueIdentifier>
    </Filter>
    <Filter Include="功能控制面板">
      <UniqueIdentifier>{18b36150-a038-4bfd-99e9-8b173d6badba}</UniqueIdentifier>
    </Filter>
    <Filter Include="images">
      <UniqueIdentifier>{45358dda-d653-4f60-821b-40d3cbc71195}</UniqueIdentifier>
    </Filter>
    <Filter Include="doc">
      <UniqueIdentifier>{6470a1b9-34bd-459b-b6a8-522c6c4189f2}</UniqueIdentifier>
    </Filter>
  </ItemGroup>
  <ItemGroup>
    <None Include="ReadMe.txt" />
    <None Include="res\file_view.ico">
      <Filter>资源文件</Filter>
    </None>
    <None Include="res\file_view_hc.ico">
      <Filter>资源文件</Filter>
    </None>
    <None Include="res\class_view.ico">
      <Filter>资源文件</Filter>
    </None>
    <None Include="res\class_view_hc.ico">
      <Filter>资源文件</Filter>
    </None>
    <None Include="res\fileview.bmp">
      <Filter>资源文件</Filter>
    </None>
    <None Include="res\fileview_hc.bmp">
      <Filter>资源文件</Filter>
    </None>
    <None Include="res\classview.bmp">
      <Filter>资源文件</Filter>
    </None>
    <None Include="res\classview_hc.bmp">
      <Filter>资源文件</Filter>
    </None>
    <None Include="res\explorer.bmp">
      <Filter>资源文件</Filter>
    </None>
    <None Include="res\explorer_hc.bmp">
      <Filter>资源文件</Filter>
    </None>
    <None Include="res\sort.bmp">
      <Filter>资源文件</Filter>
    </None>
    <None Include="res\sort_hc.bmp">
      <Filter>资源文件</Filter>
    </None>
    <None Include="res\menuimages.bmp">
      <Filter>资源文件</Filter>
    </None>
    <None Include="res\menuimages_hc.bmp">
      <Filter>资源文件</Filter>
    </None>
    <None Include="res\output_wnd.ico">
      <Filter>资源文件</Filter>
    </None>
    <None Include="res\output_wnd_hc.ico">
      <Filter>资源文件</Filter>
    </None>
    <None Include="res\properties_wnd.ico">
      <Filter>资源文件</Filter>
    </None>
    <None Include="res\properties_wnd_hc.ico">
      <Filter>资源文件</Filter>
    </None>
    <None Include="res\properties.bmp">
      <Filter>资源文件</Filter>
    </None>
    <None Include="res\properties_hc.bmp">
      <Filter>资源文件</Filter>
    </None>
    <None Include="UserImages.bmp">
      <Filter>资源文件</Filter>
    </None>
    <None Include="res\DigitalImageProcessing.rc2">
      <Filter>资源文件</Filter>
    </None>
    <None Include="res\DigitalImageProcessingDoc.ico">
      <Filter>资源文件</Filter>
    </None>
    <None Include="res\DigitalImageProcessing.ico">
      <Filter>资源文件</Filter>
    </None>
    <None Include="res\Toolbar.bmp">
      <Filter>资源文件</Filter>
    </None>
    <None Include="res\Toolbar256.bmp">
      <Filter>资源文件</Filter>
    </None>
    <None Include="..\images\Fig1.jpg">
      <Filter>images</Filter>
    </None>
    <None Include="..\images\Fig2.jpg">
      <Filter>images</Filter>
    </None>
    <None Include="..\images\fig3.tif">
      <Filter>images</Filter>
    </None>
    <None Include="..\images\Fig4.jpg">
      <Filter>images</Filter>
    </None>
    <None Include="..\images\Fig5.jpg">
      <Filter>images</Filter>
    </None>
    <None Include="..\images\Fig6.jpg">
      <Filter>images</Filter>
    </None>
    <None Include="..\doc\DIPprojects2010.doc">
      <Filter>doc</Filter>
    </None>
  </ItemGroup>
  <ItemGroup>
    <ClInclude Include="DigitalImageProcessing.h">
      <Filter>头文件</Filter>
    </ClInclude>
    <ClInclude Include="stdafx.h">
      <Filter>头文件</Filter>
    </ClInclude>
    <ClInclude Include="targetver.h">
      <Filter>头文件</Filter>
    </ClInclude>
    <ClInclude Include="MainFrm.h">
      <Filter>头文件</Filter>
    </ClInclude>
    <ClInclude Include="ChildFrm.h">
      <Filter>头文件</Filter>
    </ClInclude>
    <ClInclude Include="DigitalImageProcessingDoc.h">
      <Filter>头文件</Filter>
    </ClInclude>
    <ClInclude Include="DigitalImageProcessingView.h">
      <Filter>头文件</Filter>
    </ClInclude>
    <ClInclude Include="Resource.h">
      <Filter>头文件</Filter>
    </ClInclude>
    <ClInclude Include="FileView.h">
      <Filter>头文件</Filter>
    </ClInclude>
    <ClInclude Include="ViewTree.h">
      <Filter>头文件</Filter>
    </ClInclude>
    <ClInclude Include="OutputWnd.h">
      <Filter>头文件</Filter>
    </ClInclude>
    <ClInclude Include="PropertiesWnd.h">
      <Filter>头文件</Filter>
    </ClInclude>
    <ClInclude Include="DigitalImage.h">
      <Filter>DIP</Filter>
    </ClInclude>
    <ClInclude Include="DigitalImageLoader.h">
      <Filter>DIP</Filter>
    </ClInclude>
    <ClInclude Include="FunctionView.h">
      <Filter>头文件</Filter>
    </ClInclude>
    <ClInclude Include="GrayscaleDialog.h">
      <Filter>头文件</Filter>
    </ClInclude>
    <ClInclude Include="dipcommon.h">
      <Filter>头文件</Filter>
    </ClInclude>
    <ClInclude Include="dipconst.h">
      <Filter>DIP</Filter>
    </ClInclude>
    <ClInclude Include="HistogramCtrl.h">
      <Filter>头文件</Filter>
    </ClInclude>
    <ClInclude Include="UnitTestDialog.h">
      <Filter>头文件</Filter>
    </ClInclude>
    <ClInclude Include="MFCPropertyGridDialogProperty.h">
      <Filter>头文件</Filter>
    </ClInclude>
    <ClInclude Include="HistogramDialog.h">
      <Filter>头文件</Filter>
    </ClInclude>
    <ClInclude Include="IntensityHistogramEqualizationDialog.h">
      <Filter>功能控制面板</Filter>
    </ClInclude>
    <ClInclude Include="IntensityPowerTransformationDialog.h">
      <Filter>功能控制面板</Filter>
    </ClInclude>
    <ClInclude Include="ImageNegativeDialog.h">
      <Filter>功能控制面板</Filter>
    </ClInclude>
    <ClInclude Include="IntensityBitplaneSliceShowDialog.h">
      <Filter>功能控制面板</Filter>
    </ClInclude>
    <ClInclude Include="IntensityBitplaneSlicingDialog.h">
      <Filter>功能控制面板</Filter>
    </ClInclude>
    <ClInclude Include="IntensityLogTransformationDialog.h">
      <Filter>功能控制面板</Filter>
    </ClInclude>
    <ClInclude Include="Matrix.h">
      <Filter>头文件</Filter>
    </ClInclude>
    <ClInclude Include="SpatialRotationDialog.h">
      <Filter>头文件</Filter>
    </ClInclude>
    <ClInclude Include="SpatialTranslationDialog.h">
      <Filter>头文件</Filter>
    </ClInclude>
  </ItemGroup>
  <ItemGroup>
    <ClCompile Include="DigitalImageProcessing.cpp">
      <Filter>源文件</Filter>
    </ClCompile>
    <ClCompile Include="stdafx.cpp">
      <Filter>源文件</Filter>
    </ClCompile>
    <ClCompile Include="MainFrm.cpp">
      <Filter>源文件</Filter>
    </ClCompile>
    <ClCompile Include="ChildFrm.cpp">
      <Filter>源文件</Filter>
    </ClCompile>
    <ClCompile Include="DigitalImageProcessingDoc.cpp">
      <Filter>源文件</Filter>
    </ClCompile>
    <ClCompile Include="DigitalImageProcessingView.cpp">
      <Filter>源文件</Filter>
    </ClCompile>
    <ClCompile Include="FileView.cpp">
      <Filter>源文件</Filter>
    </ClCompile>
    <ClCompile Include="ViewTree.cpp">
      <Filter>源文件</Filter>
    </ClCompile>
    <ClCompile Include="OutputWnd.cpp">
      <Filter>源文件</Filter>
    </ClCompile>
    <ClCompile Include="PropertiesWnd.cpp">
      <Filter>源文件</Filter>
    </ClCompile>
    <ClCompile Include="DigitalImage.cpp">
      <Filter>DIP</Filter>
    </ClCompile>
    <ClCompile Include="DigitalImageLoader.cpp">
      <Filter>DIP</Filter>
    </ClCompile>
    <ClCompile Include="FunctionView.cpp">
      <Filter>源文件</Filter>
    </ClCompile>
    <ClCompile Include="GrayscaleDialog.cpp">
      <Filter>源文件</Filter>
    </ClCompile>
    <ClCompile Include="dipcommon.cpp">
      <Filter>源文件</Filter>
    </ClCompile>
    <ClCompile Include="HistogramCtrl.cpp">
      <Filter>源文件</Filter>
    </ClCompile>
    <ClCompile Include="UnitTestDialog.cpp">
      <Filter>源文件</Filter>
    </ClCompile>
    <ClCompile Include="MFCPropertyGridDialogProperty.cpp">
      <Filter>源文件</Filter>
    </ClCompile>
    <ClCompile Include="HistogramDialog.cpp">
      <Filter>源文件</Filter>
    </ClCompile>
    <ClCompile Include="IntensityHistogramEqualizationDialog.cpp">
      <Filter>功能控制面板</Filter>
    </ClCompile>
    <ClCompile Include="IntensityPowerTransformationDialog.cpp">
      <Filter>功能控制面板</Filter>
    </ClCompile>
    <ClCompile Include="ImageNegativeDialog.cpp">
      <Filter>功能控制面板</Filter>
    </ClCompile>
    <ClCompile Include="IntensityBitplaneSliceShowDialog.cpp">
      <Filter>功能控制面板</Filter>
    </ClCompile>
    <ClCompile Include="IntensityBitplaneSlicingDialog.cpp">
      <Filter>功能控制面板</Filter>
    </ClCompile>
    <ClCompile Include="IntensityLogTransformationDialog.cpp">
      <Filter>功能控制面板</Filter>
    </ClCompile>
    <ClCompile Include="Matrix.cpp">
      <Filter>源文件</Filter>
    </ClCompile>
    <ClCompile Include="SpatialRotationDialog.cpp">
      <Filter>源文件</Filter>
    </ClCompile>
    <ClCompile Include="SpatialTranslationDialog.cpp">
      <Filter>源文件</Filter>
    </ClCompile>
  </ItemGroup>
  <ItemGroup>
    <ResourceCompile Include="DigitalImageProcessing.rc">
      <Filter>资源文件</Filter>
    </ResourceCompile>
  </ItemGroup>
</Project>